// !$*UTF8*$!
{
	archiveVersion = 1;
	classes = {
	};
	objectVersion = 56;
	objects = {

/* Begin PBXBuildFile section */
		481EEEA32CDB20C600A601B2 /* AddIncomeView.swift in Sources */ = {isa = PBXBuildFile; fileRef = 4822FDC42CD9433300FDE851 /* AddIncomeView.swift */; };
		481EEEA52CDB20CF00A601B2 /* ExpenseLogView.swift in Sources */ = {isa = PBXBuildFile; fileRef = 4822FDC12CD9433300FDE851 /* ExpenseLogView.swift */; };
		4822FDBC2CD9430900FDE851 /* SocialFeedView.swift in Sources */ = {isa = PBXBuildFile; fileRef = 4822FDBB2CD9430900FDE851 /* SocialFeedView.swift */; };
		4822FDC82CD9433300FDE851 /* AddExpenseView.swift in Sources */ = {isa = PBXBuildFile; fileRef = 4822FDBD2CD9433200FDE851 /* AddExpenseView.swift */; };
		4822FDC92CD9433300FDE851 /* ExpenseDetailsView.swift in Sources */ = {isa = PBXBuildFile; fileRef = 4822FDBE2CD9433300FDE851 /* ExpenseDetailsView.swift */; };
		4822FDCD2CD9433300FDE851 /* FriendsListView.swift in Sources */ = {isa = PBXBuildFile; fileRef = 4822FDC22CD9433300FDE851 /* FriendsListView.swift */; };
		4822FDD02CD9433300FDE851 /* FriendRequestsView.swift in Sources */ = {isa = PBXBuildFile; fileRef = 4822FDC52CD9433300FDE851 /* FriendRequestsView.swift */; };
		4822FDD22CD9433300FDE851 /* SavingsGoalsView.swift in Sources */ = {isa = PBXBuildFile; fileRef = 4822FDC72CD9433300FDE851 /* SavingsGoalsView.swift */; };
		4838E9272CDBDF750068129F /* ExpenseLogViewController.swift in Sources */ = {isa = PBXBuildFile; fileRef = 4838E9262CDBDF750068129F /* ExpenseLogViewController.swift */; };
		4838E92A2CDBDFF70068129F /* TabBarController.swift in Sources */ = {isa = PBXBuildFile; fileRef = 4838E9292CDBDFF70068129F /* TabBarController.swift */; };
		4838E92C2CDBEADE0068129F /* SavingsGoalsViewController.swift in Sources */ = {isa = PBXBuildFile; fileRef = 4838E92B2CDBEADE0068129F /* SavingsGoalsViewController.swift */; };
		4838E92F2CDBEDD10068129F /* SocialFeedViewController.swift in Sources */ = {isa = PBXBuildFile; fileRef = 4838E92E2CDBEDD10068129F /* SocialFeedViewController.swift */; };
		4838E9322CDC0FC50068129F /* AddExpenseViewController.swift in Sources */ = {isa = PBXBuildFile; fileRef = 4838E9312CDC0FC50068129F /* AddExpenseViewController.swift */; };
		4838E9352CDC20E40068129F /* AddIncomeViewController.swift in Sources */ = {isa = PBXBuildFile; fileRef = 4838E9342CDC20E40068129F /* AddIncomeViewController.swift */; };
		4857D1F42CE95BE300408DE6 /* GoogleService-Info.plist in Resources */ = {isa = PBXBuildFile; fileRef = 4857D1F32CE95BE300408DE6 /* GoogleService-Info.plist */; };
		4857D1F72CE95C9D00408DE6 /* FirebaseAuth in Frameworks */ = {isa = PBXBuildFile; productRef = 4857D1F62CE95C9D00408DE6 /* FirebaseAuth */; };
		4857D1F92CE95C9D00408DE6 /* FirebaseFirestore in Frameworks */ = {isa = PBXBuildFile; productRef = 4857D1F82CE95C9D00408DE6 /* FirebaseFirestore */; };
		4857D1FB2CE9786F00408DE6 /* RegisterViewController.swift in Sources */ = {isa = PBXBuildFile; fileRef = 4857D1FA2CE9786F00408DE6 /* RegisterViewController.swift */; };
		4857D1FE2CE97B2300408DE6 /* RegisterFirebaseManager.swift in Sources */ = {isa = PBXBuildFile; fileRef = 4857D1FD2CE97B2300408DE6 /* RegisterFirebaseManager.swift */; };
		48D5D5522CEA7B2F000FDB9C /* LoginFirebaseManager.swift in Sources */ = {isa = PBXBuildFile; fileRef = 48D5D5512CEA7B2F000FDB9C /* LoginFirebaseManager.swift */; };
		5FC9FA3D2CDD657300F50B9D /* SavingsGoalCell.swift in Sources */ = {isa = PBXBuildFile; fileRef = 5FC9FA3C2CDD656C00F50B9D /* SavingsGoalCell.swift */; };
		5FC9FA3F2CDD65F600F50B9D /* SavingsGoal.swift in Sources */ = {isa = PBXBuildFile; fileRef = 5FC9FA3E2CDD65F100F50B9D /* SavingsGoal.swift */; };
		5FC9FA412CDD665800F50B9D /* CreateSavingsGoalView.swift in Sources */ = {isa = PBXBuildFile; fileRef = 5FC9FA402CDD665000F50B9D /* CreateSavingsGoalView.swift */; };
		5FC9FA432CDD6A0D00F50B9D /* CreateSavingsGoalViewController.swift in Sources */ = {isa = PBXBuildFile; fileRef = 5FC9FA422CDD6A0200F50B9D /* CreateSavingsGoalViewController.swift */; };
		5FC9FA452CDD6D0600F50B9D /* GoalDetailView.swift in Sources */ = {isa = PBXBuildFile; fileRef = 5FC9FA442CDD6D0300F50B9D /* GoalDetailView.swift */; };
		5FC9FA472CDD6D2000F50B9D /* GoalDetailViewController.swift in Sources */ = {isa = PBXBuildFile; fileRef = 5FC9FA462CDD6D1E00F50B9D /* GoalDetailViewController.swift */; };
		BA5A74752CC9AF8700797481 /* AppDelegate.swift in Sources */ = {isa = PBXBuildFile; fileRef = BA5A74742CC9AF8700797481 /* AppDelegate.swift */; };
		BA5A74772CC9AF8700797481 /* SceneDelegate.swift in Sources */ = {isa = PBXBuildFile; fileRef = BA5A74762CC9AF8700797481 /* SceneDelegate.swift */; };
		BA5A747C2CC9AF8700797481 /* Base in Resources */ = {isa = PBXBuildFile; fileRef = BA5A747B2CC9AF8700797481 /* Base */; };
		BA5A747E2CC9AF8800797481 /* Assets.xcassets in Resources */ = {isa = PBXBuildFile; fileRef = BA5A747D2CC9AF8800797481 /* Assets.xcassets */; };
		BA5A74812CC9AF8800797481 /* Base in Resources */ = {isa = PBXBuildFile; fileRef = BA5A74802CC9AF8800797481 /* Base */; };
		BA5A748C2CC9AF8800797481 /* SaveSquadAppTests.swift in Sources */ = {isa = PBXBuildFile; fileRef = BA5A748B2CC9AF8800797481 /* SaveSquadAppTests.swift */; };
		BA5A74962CC9AF8800797481 /* SaveSquadAppUITests.swift in Sources */ = {isa = PBXBuildFile; fileRef = BA5A74952CC9AF8800797481 /* SaveSquadAppUITests.swift */; };
		BA5A74982CC9AF8800797481 /* SaveSquadAppUITestsLaunchTests.swift in Sources */ = {isa = PBXBuildFile; fileRef = BA5A74972CC9AF8800797481 /* SaveSquadAppUITestsLaunchTests.swift */; };
		BA6B03152CD9BEFC0076F361 /* LoginView.swift in Sources */ = {isa = PBXBuildFile; fileRef = BA6B030E2CD9BEFC0076F361 /* LoginView.swift */; };
		BA6B03162CD9BEFC0076F361 /* RegisterView.swift in Sources */ = {isa = PBXBuildFile; fileRef = BA6B030F2CD9BEFC0076F361 /* RegisterView.swift */; };
		BA6B03172CD9BEFC0076F361 /* ViewController.swift in Sources */ = {isa = PBXBuildFile; fileRef = BA6B03102CD9BEFC0076F361 /* ViewController.swift */; };
		BA6B03182CD9BEFC0076F361 /* HomeScreenView.swift in Sources */ = {isa = PBXBuildFile; fileRef = BA6B03122CD9BEFC0076F361 /* HomeScreenView.swift */; };
		BA6B03192CD9BEFC0076F361 /* HomeScreenViewController.swift in Sources */ = {isa = PBXBuildFile; fileRef = BA6B03132CD9BEFC0076F361 /* HomeScreenViewController.swift */; };
		BA6B031B2CDC786F0076F361 /* Expense.swift in Sources */ = {isa = PBXBuildFile; fileRef = BA6B031A2CDC786F0076F361 /* Expense.swift */; };
		BA6B031E2CDC79520076F361 /* Utilities.swift in Sources */ = {isa = PBXBuildFile; fileRef = BA6B031D2CDC79520076F361 /* Utilities.swift */; };
		BA6B03202CDC7CB10076F361 /* TableViewExpenseCell.swift in Sources */ = {isa = PBXBuildFile; fileRef = BA6B031F2CDC7CB10076F361 /* TableViewExpenseCell.swift */; };
/* End PBXBuildFile section */

/* Begin PBXContainerItemProxy section */
		BA5A74882CC9AF8800797481 /* PBXContainerItemProxy */ = {
			isa = PBXContainerItemProxy;
			containerPortal = BA5A74692CC9AF8700797481 /* Project object */;
			proxyType = 1;
			remoteGlobalIDString = BA5A74702CC9AF8700797481;
			remoteInfo = SaveSquadApp;
		};
		BA5A74922CC9AF8800797481 /* PBXContainerItemProxy */ = {
			isa = PBXContainerItemProxy;
			containerPortal = BA5A74692CC9AF8700797481 /* Project object */;
			proxyType = 1;
			remoteGlobalIDString = BA5A74702CC9AF8700797481;
			remoteInfo = SaveSquadApp;
		};
/* End PBXContainerItemProxy section */

/* Begin PBXFileReference section */
		4822FDBB2CD9430900FDE851 /* SocialFeedView.swift */ = {isa = PBXFileReference; fileEncoding = 4; lastKnownFileType = sourcecode.swift; path = SocialFeedView.swift; sourceTree = "<group>"; };
		4822FDBD2CD9433200FDE851 /* AddExpenseView.swift */ = {isa = PBXFileReference; fileEncoding = 4; lastKnownFileType = sourcecode.swift; path = AddExpenseView.swift; sourceTree = "<group>"; };
		4822FDBE2CD9433300FDE851 /* ExpenseDetailsView.swift */ = {isa = PBXFileReference; fileEncoding = 4; lastKnownFileType = sourcecode.swift; path = ExpenseDetailsView.swift; sourceTree = "<group>"; };
		4822FDC12CD9433300FDE851 /* ExpenseLogView.swift */ = {isa = PBXFileReference; fileEncoding = 4; lastKnownFileType = sourcecode.swift; path = ExpenseLogView.swift; sourceTree = "<group>"; };
		4822FDC22CD9433300FDE851 /* FriendsListView.swift */ = {isa = PBXFileReference; fileEncoding = 4; lastKnownFileType = sourcecode.swift; path = FriendsListView.swift; sourceTree = "<group>"; };
		4822FDC42CD9433300FDE851 /* AddIncomeView.swift */ = {isa = PBXFileReference; fileEncoding = 4; lastKnownFileType = sourcecode.swift; path = AddIncomeView.swift; sourceTree = "<group>"; };
		4822FDC52CD9433300FDE851 /* FriendRequestsView.swift */ = {isa = PBXFileReference; fileEncoding = 4; lastKnownFileType = sourcecode.swift; path = FriendRequestsView.swift; sourceTree = "<group>"; };
		4822FDC72CD9433300FDE851 /* SavingsGoalsView.swift */ = {isa = PBXFileReference; fileEncoding = 4; lastKnownFileType = sourcecode.swift; path = SavingsGoalsView.swift; sourceTree = "<group>"; };
		4838E9262CDBDF750068129F /* ExpenseLogViewController.swift */ = {isa = PBXFileReference; lastKnownFileType = sourcecode.swift; path = ExpenseLogViewController.swift; sourceTree = "<group>"; };
		4838E9292CDBDFF70068129F /* TabBarController.swift */ = {isa = PBXFileReference; lastKnownFileType = sourcecode.swift; path = TabBarController.swift; sourceTree = "<group>"; };
		4838E92B2CDBEADE0068129F /* SavingsGoalsViewController.swift */ = {isa = PBXFileReference; lastKnownFileType = sourcecode.swift; path = SavingsGoalsViewController.swift; sourceTree = "<group>"; };
		4838E92E2CDBEDD10068129F /* SocialFeedViewController.swift */ = {isa = PBXFileReference; lastKnownFileType = sourcecode.swift; path = SocialFeedViewController.swift; sourceTree = "<group>"; };
		4838E9312CDC0FC50068129F /* AddExpenseViewController.swift */ = {isa = PBXFileReference; lastKnownFileType = sourcecode.swift; path = AddExpenseViewController.swift; sourceTree = "<group>"; };
		4838E9342CDC20E40068129F /* AddIncomeViewController.swift */ = {isa = PBXFileReference; lastKnownFileType = sourcecode.swift; path = AddIncomeViewController.swift; sourceTree = "<group>"; };
		4857D1F32CE95BE300408DE6 /* GoogleService-Info.plist */ = {isa = PBXFileReference; fileEncoding = 4; lastKnownFileType = text.plist.xml; path = "GoogleService-Info.plist"; sourceTree = "<group>"; };
		4857D1FA2CE9786F00408DE6 /* RegisterViewController.swift */ = {isa = PBXFileReference; lastKnownFileType = sourcecode.swift; path = RegisterViewController.swift; sourceTree = "<group>"; };
		4857D1FD2CE97B2300408DE6 /* RegisterFirebaseManager.swift */ = {isa = PBXFileReference; lastKnownFileType = sourcecode.swift; path = RegisterFirebaseManager.swift; sourceTree = "<group>"; };
		48D5D5512CEA7B2F000FDB9C /* LoginFirebaseManager.swift */ = {isa = PBXFileReference; lastKnownFileType = sourcecode.swift; path = LoginFirebaseManager.swift; sourceTree = "<group>"; };
		5FC9FA3C2CDD656C00F50B9D /* SavingsGoalCell.swift */ = {isa = PBXFileReference; lastKnownFileType = sourcecode.swift; path = SavingsGoalCell.swift; sourceTree = "<group>"; };
		5FC9FA3E2CDD65F100F50B9D /* SavingsGoal.swift */ = {isa = PBXFileReference; lastKnownFileType = sourcecode.swift; path = SavingsGoal.swift; sourceTree = "<group>"; };
		5FC9FA402CDD665000F50B9D /* CreateSavingsGoalView.swift */ = {isa = PBXFileReference; lastKnownFileType = sourcecode.swift; path = CreateSavingsGoalView.swift; sourceTree = "<group>"; };
		5FC9FA422CDD6A0200F50B9D /* CreateSavingsGoalViewController.swift */ = {isa = PBXFileReference; lastKnownFileType = sourcecode.swift; path = CreateSavingsGoalViewController.swift; sourceTree = "<group>"; };
		5FC9FA442CDD6D0300F50B9D /* GoalDetailView.swift */ = {isa = PBXFileReference; lastKnownFileType = sourcecode.swift; path = GoalDetailView.swift; sourceTree = "<group>"; };
		5FC9FA462CDD6D1E00F50B9D /* GoalDetailViewController.swift */ = {isa = PBXFileReference; lastKnownFileType = sourcecode.swift; path = GoalDetailViewController.swift; sourceTree = "<group>"; };
		BA5A74712CC9AF8700797481 /* SaveSquadApp.app */ = {isa = PBXFileReference; explicitFileType = wrapper.application; includeInIndex = 0; path = SaveSquadApp.app; sourceTree = BUILT_PRODUCTS_DIR; };
		BA5A74742CC9AF8700797481 /* AppDelegate.swift */ = {isa = PBXFileReference; lastKnownFileType = sourcecode.swift; path = AppDelegate.swift; sourceTree = "<group>"; };
		BA5A74762CC9AF8700797481 /* SceneDelegate.swift */ = {isa = PBXFileReference; lastKnownFileType = sourcecode.swift; path = SceneDelegate.swift; sourceTree = "<group>"; };
		BA5A747B2CC9AF8700797481 /* Base */ = {isa = PBXFileReference; lastKnownFileType = file.storyboard; name = Base; path = Base.lproj/Main.storyboard; sourceTree = "<group>"; };
		BA5A747D2CC9AF8800797481 /* Assets.xcassets */ = {isa = PBXFileReference; lastKnownFileType = folder.assetcatalog; path = Assets.xcassets; sourceTree = "<group>"; };
		BA5A74802CC9AF8800797481 /* Base */ = {isa = PBXFileReference; lastKnownFileType = file.storyboard; name = Base; path = Base.lproj/LaunchScreen.storyboard; sourceTree = "<group>"; };
		BA5A74822CC9AF8800797481 /* Info.plist */ = {isa = PBXFileReference; lastKnownFileType = text.plist.xml; path = Info.plist; sourceTree = "<group>"; };
		BA5A74872CC9AF8800797481 /* SaveSquadAppTests.xctest */ = {isa = PBXFileReference; explicitFileType = wrapper.cfbundle; includeInIndex = 0; path = SaveSquadAppTests.xctest; sourceTree = BUILT_PRODUCTS_DIR; };
		BA5A748B2CC9AF8800797481 /* SaveSquadAppTests.swift */ = {isa = PBXFileReference; lastKnownFileType = sourcecode.swift; path = SaveSquadAppTests.swift; sourceTree = "<group>"; };
		BA5A74912CC9AF8800797481 /* SaveSquadAppUITests.xctest */ = {isa = PBXFileReference; explicitFileType = wrapper.cfbundle; includeInIndex = 0; path = SaveSquadAppUITests.xctest; sourceTree = BUILT_PRODUCTS_DIR; };
		BA5A74952CC9AF8800797481 /* SaveSquadAppUITests.swift */ = {isa = PBXFileReference; lastKnownFileType = sourcecode.swift; path = SaveSquadAppUITests.swift; sourceTree = "<group>"; };
		BA5A74972CC9AF8800797481 /* SaveSquadAppUITestsLaunchTests.swift */ = {isa = PBXFileReference; lastKnownFileType = sourcecode.swift; path = SaveSquadAppUITestsLaunchTests.swift; sourceTree = "<group>"; };
		BA6B030E2CD9BEFC0076F361 /* LoginView.swift */ = {isa = PBXFileReference; fileEncoding = 4; lastKnownFileType = sourcecode.swift; path = LoginView.swift; sourceTree = "<group>"; };
		BA6B030F2CD9BEFC0076F361 /* RegisterView.swift */ = {isa = PBXFileReference; fileEncoding = 4; lastKnownFileType = sourcecode.swift; path = RegisterView.swift; sourceTree = "<group>"; };
		BA6B03102CD9BEFC0076F361 /* ViewController.swift */ = {isa = PBXFileReference; fileEncoding = 4; lastKnownFileType = sourcecode.swift; path = ViewController.swift; sourceTree = "<group>"; };
		BA6B03122CD9BEFC0076F361 /* HomeScreenView.swift */ = {isa = PBXFileReference; fileEncoding = 4; lastKnownFileType = sourcecode.swift; path = HomeScreenView.swift; sourceTree = "<group>"; };
		BA6B03132CD9BEFC0076F361 /* HomeScreenViewController.swift */ = {isa = PBXFileReference; fileEncoding = 4; lastKnownFileType = sourcecode.swift; path = HomeScreenViewController.swift; sourceTree = "<group>"; };
		BA6B031A2CDC786F0076F361 /* Expense.swift */ = {isa = PBXFileReference; lastKnownFileType = sourcecode.swift; path = Expense.swift; sourceTree = "<group>"; };
		BA6B031D2CDC79520076F361 /* Utilities.swift */ = {isa = PBXFileReference; lastKnownFileType = sourcecode.swift; path = Utilities.swift; sourceTree = "<group>"; };
		BA6B031F2CDC7CB10076F361 /* TableViewExpenseCell.swift */ = {isa = PBXFileReference; lastKnownFileType = sourcecode.swift; path = TableViewExpenseCell.swift; sourceTree = "<group>"; };
/* End PBXFileReference section */

/* Begin PBXFrameworksBuildPhase section */
		BA5A746E2CC9AF8700797481 /* Frameworks */ = {
			isa = PBXFrameworksBuildPhase;
			buildActionMask = 2147483647;
			files = (
				4857D1F72CE95C9D00408DE6 /* FirebaseAuth in Frameworks */,
				4857D1F92CE95C9D00408DE6 /* FirebaseFirestore in Frameworks */,
			);
			runOnlyForDeploymentPostprocessing = 0;
		};
		BA5A74842CC9AF8800797481 /* Frameworks */ = {
			isa = PBXFrameworksBuildPhase;
			buildActionMask = 2147483647;
			files = (
			);
			runOnlyForDeploymentPostprocessing = 0;
		};
		BA5A748E2CC9AF8800797481 /* Frameworks */ = {
			isa = PBXFrameworksBuildPhase;
			buildActionMask = 2147483647;
			files = (
			);
			runOnlyForDeploymentPostprocessing = 0;
		};
/* End PBXFrameworksBuildPhase section */

/* Begin PBXGroup section */
		4838E9282CDBDF7B0068129F /* Expense Log Screen */ = {
			isa = PBXGroup;
			children = (
				4822FDC12CD9433300FDE851 /* ExpenseLogView.swift */,
				4838E9262CDBDF750068129F /* ExpenseLogViewController.swift */,
				BA6B031F2CDC7CB10076F361 /* TableViewExpenseCell.swift */,
			);
			path = "Expense Log Screen";
			sourceTree = "<group>";
		};
		4838E92D2CDBEAFA0068129F /* Savings Goals Screen */ = {
			isa = PBXGroup;
			children = (
				5FC9FA3C2CDD656C00F50B9D /* SavingsGoalCell.swift */,
				4822FDC72CD9433300FDE851 /* SavingsGoalsView.swift */,
				4838E92B2CDBEADE0068129F /* SavingsGoalsViewController.swift */,
			);
			path = "Savings Goals Screen";
			sourceTree = "<group>";
		};
		4838E9302CDBEDEC0068129F /* Social Feed Screen */ = {
			isa = PBXGroup;
			children = (
				4822FDBB2CD9430900FDE851 /* SocialFeedView.swift */,
				4838E92E2CDBEDD10068129F /* SocialFeedViewController.swift */,
			);
			path = "Social Feed Screen";
			sourceTree = "<group>";
		};
		4838E9332CDC0FCD0068129F /* Add Expense Screen */ = {
			isa = PBXGroup;
			children = (
				4822FDBD2CD9433200FDE851 /* AddExpenseView.swift */,
				4838E9312CDC0FC50068129F /* AddExpenseViewController.swift */,
			);
			path = "Add Expense Screen";
			sourceTree = "<group>";
		};
		4838E9362CDC20F60068129F /* Add Income Screen */ = {
			isa = PBXGroup;
			children = (
				4822FDC42CD9433300FDE851 /* AddIncomeView.swift */,
				4838E9342CDC20E40068129F /* AddIncomeViewController.swift */,
			);
			path = "Add Income Screen";
			sourceTree = "<group>";
		};
		4857D1F02CE95A0C00408DE6 /* Create Goal Screen */ = {
			isa = PBXGroup;
			children = (
				5FC9FA422CDD6A0200F50B9D /* CreateSavingsGoalViewController.swift */,
				5FC9FA402CDD665000F50B9D /* CreateSavingsGoalView.swift */,
			);
			path = "Create Goal Screen";
			sourceTree = "<group>";
		};
		4857D1F12CE95A2D00408DE6 /* Goal Details Screen */ = {
			isa = PBXGroup;
			children = (
				5FC9FA462CDD6D1E00F50B9D /* GoalDetailViewController.swift */,
				5FC9FA442CDD6D0300F50B9D /* GoalDetailView.swift */,
			);
			path = "Goal Details Screen";
			sourceTree = "<group>";
		};
		4857D1F22CE95A4A00408DE6 /* Data models */ = {
			isa = PBXGroup;
			children = (
				5FC9FA3E2CDD65F100F50B9D /* SavingsGoal.swift */,
			);
			name = "Data models";
			path = "Savings Goals Screen/Data models";
			sourceTree = "<group>";
		};
		4857D1FC2CE9789400408DE6 /* Register Screen */ = {
			isa = PBXGroup;
			children = (
				BA6B030F2CD9BEFC0076F361 /* RegisterView.swift */,
				4857D1FA2CE9786F00408DE6 /* RegisterViewController.swift */,
				4857D1FD2CE97B2300408DE6 /* RegisterFirebaseManager.swift */,
			);
			path = "Register Screen";
			sourceTree = "<group>";
		};
		BA5A74682CC9AF8700797481 = {
			isa = PBXGroup;
			children = (
				BA5A74732CC9AF8700797481 /* SaveSquadApp */,
				BA5A74722CC9AF8700797481 /* Products */,
			);
			sourceTree = "<group>";
		};
		BA5A74722CC9AF8700797481 /* Products */ = {
			isa = PBXGroup;
			children = (
				BA5A74712CC9AF8700797481 /* SaveSquadApp.app */,
				BA5A74872CC9AF8800797481 /* SaveSquadAppTests.xctest */,
				BA5A74912CC9AF8800797481 /* SaveSquadAppUITests.xctest */,
			);
			name = Products;
			sourceTree = "<group>";
		};
		BA5A74732CC9AF8700797481 /* SaveSquadApp */ = {
			isa = PBXGroup;
			children = (
				BA6B03112CD9BEFC0076F361 /* Login Screen */,
				4857D1FC2CE9789400408DE6 /* Register Screen */,
				BA6B03142CD9BEFC0076F361 /* Home Screen */,
				4838E92D2CDBEAFA0068129F /* Savings Goals Screen */,
				4857D1F02CE95A0C00408DE6 /* Create Goal Screen */,
				4857D1F12CE95A2D00408DE6 /* Goal Details Screen */,
				4838E9282CDBDF7B0068129F /* Expense Log Screen */,
				4838E9302CDBEDEC0068129F /* Social Feed Screen */,
				4838E9292CDBDFF70068129F /* TabBarController.swift */,
				4838E9332CDC0FCD0068129F /* Add Expense Screen */,
				4838E9362CDC20F60068129F /* Add Income Screen */,
				4857D1F22CE95A4A00408DE6 /* Data models */,
				4822FDBE2CD9433300FDE851 /* ExpenseDetailsView.swift */,
				4822FDC52CD9433300FDE851 /* FriendRequestsView.swift */,
				4822FDC22CD9433300FDE851 /* FriendsListView.swift */,
				BA5A74742CC9AF8700797481 /* AppDelegate.swift */,
				BA5A74762CC9AF8700797481 /* SceneDelegate.swift */,
				BA6B031D2CDC79520076F361 /* Utilities.swift */,
				BA6B031C2CDC78A90076F361 /* Data Models */,
				BA5A747A2CC9AF8700797481 /* Main.storyboard */,
				BA5A747D2CC9AF8800797481 /* Assets.xcassets */,
				BA5A747F2CC9AF8800797481 /* LaunchScreen.storyboard */,
				BA5A748A2CC9AF8800797481 /* SaveSquadAppTests */,
				BA5A74942CC9AF8800797481 /* SaveSquadAppUITests */,
				BA5A74822CC9AF8800797481 /* Info.plist */,
				4857D1F32CE95BE300408DE6 /* GoogleService-Info.plist */,
			);
			path = SaveSquadApp;
			sourceTree = "<group>";
		};
		BA5A748A2CC9AF8800797481 /* SaveSquadAppTests */ = {
			isa = PBXGroup;
			children = (
				BA5A748B2CC9AF8800797481 /* SaveSquadAppTests.swift */,
			);
			path = SaveSquadAppTests;
			sourceTree = "<group>";
		};
		BA5A74942CC9AF8800797481 /* SaveSquadAppUITests */ = {
			isa = PBXGroup;
			children = (
				BA5A74952CC9AF8800797481 /* SaveSquadAppUITests.swift */,
				BA5A74972CC9AF8800797481 /* SaveSquadAppUITestsLaunchTests.swift */,
			);
			path = SaveSquadAppUITests;
			sourceTree = "<group>";
		};
		BA6B03112CD9BEFC0076F361 /* Login Screen */ = {
			isa = PBXGroup;
			children = (
				BA6B030E2CD9BEFC0076F361 /* LoginView.swift */,
				BA6B03102CD9BEFC0076F361 /* ViewController.swift */,
				48D5D5512CEA7B2F000FDB9C /* LoginFirebaseManager.swift */,
			);
			path = "Login Screen";
			sourceTree = "<group>";
		};
		BA6B03142CD9BEFC0076F361 /* Home Screen */ = {
			isa = PBXGroup;
			children = (
				BA6B03122CD9BEFC0076F361 /* HomeScreenView.swift */,
				BA6B03132CD9BEFC0076F361 /* HomeScreenViewController.swift */,
			);
			path = "Home Screen";
			sourceTree = "<group>";
		};
		BA6B031C2CDC78A90076F361 /* Data Models */ = {
			isa = PBXGroup;
			children = (
				BA6B031A2CDC786F0076F361 /* Expense.swift */,
			);
			path = "Data Models";
			sourceTree = "<group>";
		};
/* End PBXGroup section */

/* Begin PBXNativeTarget section */
		BA5A74702CC9AF8700797481 /* SaveSquadApp */ = {
			isa = PBXNativeTarget;
			buildConfigurationList = BA5A749B2CC9AF8800797481 /* Build configuration list for PBXNativeTarget "SaveSquadApp" */;
			buildPhases = (
				BA5A746D2CC9AF8700797481 /* Sources */,
				BA5A746E2CC9AF8700797481 /* Frameworks */,
				BA5A746F2CC9AF8700797481 /* Resources */,
			);
			buildRules = (
			);
			dependencies = (
			);
			name = SaveSquadApp;
			packageProductDependencies = (
				4857D1F62CE95C9D00408DE6 /* FirebaseAuth */,
				4857D1F82CE95C9D00408DE6 /* FirebaseFirestore */,
			);
			productName = SaveSquadApp;
			productReference = BA5A74712CC9AF8700797481 /* SaveSquadApp.app */;
			productType = "com.apple.product-type.application";
		};
		BA5A74862CC9AF8800797481 /* SaveSquadAppTests */ = {
			isa = PBXNativeTarget;
			buildConfigurationList = BA5A749E2CC9AF8800797481 /* Build configuration list for PBXNativeTarget "SaveSquadAppTests" */;
			buildPhases = (
				BA5A74832CC9AF8800797481 /* Sources */,
				BA5A74842CC9AF8800797481 /* Frameworks */,
				BA5A74852CC9AF8800797481 /* Resources */,
			);
			buildRules = (
			);
			dependencies = (
				BA5A74892CC9AF8800797481 /* PBXTargetDependency */,
			);
			name = SaveSquadAppTests;
			productName = SaveSquadAppTests;
			productReference = BA5A74872CC9AF8800797481 /* SaveSquadAppTests.xctest */;
			productType = "com.apple.product-type.bundle.unit-test";
		};
		BA5A74902CC9AF8800797481 /* SaveSquadAppUITests */ = {
			isa = PBXNativeTarget;
			buildConfigurationList = BA5A74A12CC9AF8800797481 /* Build configuration list for PBXNativeTarget "SaveSquadAppUITests" */;
			buildPhases = (
				BA5A748D2CC9AF8800797481 /* Sources */,
				BA5A748E2CC9AF8800797481 /* Frameworks */,
				BA5A748F2CC9AF8800797481 /* Resources */,
			);
			buildRules = (
			);
			dependencies = (
				BA5A74932CC9AF8800797481 /* PBXTargetDependency */,
			);
			name = SaveSquadAppUITests;
			productName = SaveSquadAppUITests;
			productReference = BA5A74912CC9AF8800797481 /* SaveSquadAppUITests.xctest */;
			productType = "com.apple.product-type.bundle.ui-testing";
		};
/* End PBXNativeTarget section */

/* Begin PBXProject section */
		BA5A74692CC9AF8700797481 /* Project object */ = {
			isa = PBXProject;
			attributes = {
				BuildIndependentTargetsInParallel = 1;
				LastSwiftUpdateCheck = 1540;
				LastUpgradeCheck = 1540;
				TargetAttributes = {
					BA5A74702CC9AF8700797481 = {
						CreatedOnToolsVersion = 15.4;
					};
					BA5A74862CC9AF8800797481 = {
						CreatedOnToolsVersion = 15.4;
						TestTargetID = BA5A74702CC9AF8700797481;
					};
					BA5A74902CC9AF8800797481 = {
						CreatedOnToolsVersion = 15.4;
						TestTargetID = BA5A74702CC9AF8700797481;
					};
				};
			};
			buildConfigurationList = BA5A746C2CC9AF8700797481 /* Build configuration list for PBXProject "SaveSquadApp" */;
			compatibilityVersion = "Xcode 14.0";
			developmentRegion = en;
			hasScannedForEncodings = 0;
			knownRegions = (
				en,
				Base,
			);
			mainGroup = BA5A74682CC9AF8700797481;
			packageReferences = (
				4857D1F52CE95C9D00408DE6 /* XCRemoteSwiftPackageReference "firebase-ios-sdk" */,
			);
			productRefGroup = BA5A74722CC9AF8700797481 /* Products */;
			projectDirPath = "";
			projectRoot = "";
			targets = (
				BA5A74702CC9AF8700797481 /* SaveSquadApp */,
				BA5A74862CC9AF8800797481 /* SaveSquadAppTests */,
				BA5A74902CC9AF8800797481 /* SaveSquadAppUITests */,
			);
		};
/* End PBXProject section */

/* Begin PBXResourcesBuildPhase section */
		BA5A746F2CC9AF8700797481 /* Resources */ = {
			isa = PBXResourcesBuildPhase;
			buildActionMask = 2147483647;
			files = (
				BA5A747E2CC9AF8800797481 /* Assets.xcassets in Resources */,
				4857D1F42CE95BE300408DE6 /* GoogleService-Info.plist in Resources */,
				BA5A74812CC9AF8800797481 /* Base in Resources */,
				BA5A747C2CC9AF8700797481 /* Base in Resources */,
			);
			runOnlyForDeploymentPostprocessing = 0;
		};
		BA5A74852CC9AF8800797481 /* Resources */ = {
			isa = PBXResourcesBuildPhase;
			buildActionMask = 2147483647;
			files = (
			);
			runOnlyForDeploymentPostprocessing = 0;
		};
		BA5A748F2CC9AF8800797481 /* Resources */ = {
			isa = PBXResourcesBuildPhase;
			buildActionMask = 2147483647;
			files = (
			);
			runOnlyForDeploymentPostprocessing = 0;
		};
/* End PBXResourcesBuildPhase section */

/* Begin PBXSourcesBuildPhase section */
		BA5A746D2CC9AF8700797481 /* Sources */ = {
			isa = PBXSourcesBuildPhase;
			buildActionMask = 2147483647;
			files = (
				BA6B031B2CDC786F0076F361 /* Expense.swift in Sources */,
				5FC9FA412CDD665800F50B9D /* CreateSavingsGoalView.swift in Sources */,
				481EEEA32CDB20C600A601B2 /* AddIncomeView.swift in Sources */,
				4838E92F2CDBEDD10068129F /* SocialFeedViewController.swift in Sources */,
				BA6B03192CD9BEFC0076F361 /* HomeScreenViewController.swift in Sources */,
				481EEEA52CDB20CF00A601B2 /* ExpenseLogView.swift in Sources */,
				5FC9FA452CDD6D0600F50B9D /* GoalDetailView.swift in Sources */,
				BA6B03172CD9BEFC0076F361 /* ViewController.swift in Sources */,
				4838E9352CDC20E40068129F /* AddIncomeViewController.swift in Sources */,
				4822FDD02CD9433300FDE851 /* FriendRequestsView.swift in Sources */,
				48D5D5522CEA7B2F000FDB9C /* LoginFirebaseManager.swift in Sources */,
				4838E92C2CDBEADE0068129F /* SavingsGoalsViewController.swift in Sources */,
				4822FDC92CD9433300FDE851 /* ExpenseDetailsView.swift in Sources */,
				BA6B03182CD9BEFC0076F361 /* HomeScreenView.swift in Sources */,
				BA6B03162CD9BEFC0076F361 /* RegisterView.swift in Sources */,
				4822FDBC2CD9430900FDE851 /* SocialFeedView.swift in Sources */,
				BA6B03202CDC7CB10076F361 /* TableViewExpenseCell.swift in Sources */,
				4838E92A2CDBDFF70068129F /* TabBarController.swift in Sources */,
				4822FDC82CD9433300FDE851 /* AddExpenseView.swift in Sources */,
				4822FDD22CD9433300FDE851 /* SavingsGoalsView.swift in Sources */,
				5FC9FA472CDD6D2000F50B9D /* GoalDetailViewController.swift in Sources */,
				5FC9FA432CDD6A0D00F50B9D /* CreateSavingsGoalViewController.swift in Sources */,
				5FC9FA3F2CDD65F600F50B9D /* SavingsGoal.swift in Sources */,
				4822FDCD2CD9433300FDE851 /* FriendsListView.swift in Sources */,
				5FC9FA3D2CDD657300F50B9D /* SavingsGoalCell.swift in Sources */,
				4857D1FE2CE97B2300408DE6 /* RegisterFirebaseManager.swift in Sources */,
				BA6B03152CD9BEFC0076F361 /* LoginView.swift in Sources */,
				BA5A74752CC9AF8700797481 /* AppDelegate.swift in Sources */,
				4857D1FB2CE9786F00408DE6 /* RegisterViewController.swift in Sources */,
				4838E9272CDBDF750068129F /* ExpenseLogViewController.swift in Sources */,
				BA5A74772CC9AF8700797481 /* SceneDelegate.swift in Sources */,
				BA6B031E2CDC79520076F361 /* Utilities.swift in Sources */,
				4838E9322CDC0FC50068129F /* AddExpenseViewController.swift in Sources */,
			);
			runOnlyForDeploymentPostprocessing = 0;
		};
		BA5A74832CC9AF8800797481 /* Sources */ = {
			isa = PBXSourcesBuildPhase;
			buildActionMask = 2147483647;
			files = (
				BA5A748C2CC9AF8800797481 /* SaveSquadAppTests.swift in Sources */,
			);
			runOnlyForDeploymentPostprocessing = 0;
		};
		BA5A748D2CC9AF8800797481 /* Sources */ = {
			isa = PBXSourcesBuildPhase;
			buildActionMask = 2147483647;
			files = (
				BA5A74982CC9AF8800797481 /* SaveSquadAppUITestsLaunchTests.swift in Sources */,
				BA5A74962CC9AF8800797481 /* SaveSquadAppUITests.swift in Sources */,
			);
			runOnlyForDeploymentPostprocessing = 0;
		};
/* End PBXSourcesBuildPhase section */

/* Begin PBXTargetDependency section */
		BA5A74892CC9AF8800797481 /* PBXTargetDependency */ = {
			isa = PBXTargetDependency;
			target = BA5A74702CC9AF8700797481 /* SaveSquadApp */;
			targetProxy = BA5A74882CC9AF8800797481 /* PBXContainerItemProxy */;
		};
		BA5A74932CC9AF8800797481 /* PBXTargetDependency */ = {
			isa = PBXTargetDependency;
			target = BA5A74702CC9AF8700797481 /* SaveSquadApp */;
			targetProxy = BA5A74922CC9AF8800797481 /* PBXContainerItemProxy */;
		};
/* End PBXTargetDependency section */

/* Begin PBXVariantGroup section */
		BA5A747A2CC9AF8700797481 /* Main.storyboard */ = {
			isa = PBXVariantGroup;
			children = (
				BA5A747B2CC9AF8700797481 /* Base */,
			);
			name = Main.storyboard;
			sourceTree = "<group>";
		};
		BA5A747F2CC9AF8800797481 /* LaunchScreen.storyboard */ = {
			isa = PBXVariantGroup;
			children = (
				BA5A74802CC9AF8800797481 /* Base */,
			);
			name = LaunchScreen.storyboard;
			sourceTree = "<group>";
		};
/* End PBXVariantGroup section */

/* Begin XCBuildConfiguration section */
		BA5A74992CC9AF8800797481 /* Debug */ = {
			isa = XCBuildConfiguration;
			buildSettings = {
				ALWAYS_SEARCH_USER_PATHS = NO;
				ASSETCATALOG_COMPILER_GENERATE_SWIFT_ASSET_SYMBOL_EXTENSIONS = YES;
				CLANG_ANALYZER_NONNULL = YES;
				CLANG_ANALYZER_NUMBER_OBJECT_CONVERSION = YES_AGGRESSIVE;
				CLANG_CXX_LANGUAGE_STANDARD = "gnu++20";
				CLANG_ENABLE_MODULES = YES;
				CLANG_ENABLE_OBJC_ARC = YES;
				CLANG_ENABLE_OBJC_WEAK = YES;
				CLANG_WARN_BLOCK_CAPTURE_AUTORELEASING = YES;
				CLANG_WARN_BOOL_CONVERSION = YES;
				CLANG_WARN_COMMA = YES;
				CLANG_WARN_CONSTANT_CONVERSION = YES;
				CLANG_WARN_DEPRECATED_OBJC_IMPLEMENTATIONS = YES;
				CLANG_WARN_DIRECT_OBJC_ISA_USAGE = YES_ERROR;
				CLANG_WARN_DOCUMENTATION_COMMENTS = YES;
				CLANG_WARN_EMPTY_BODY = YES;
				CLANG_WARN_ENUM_CONVERSION = YES;
				CLANG_WARN_INFINITE_RECURSION = YES;
				CLANG_WARN_INT_CONVERSION = YES;
				CLANG_WARN_NON_LITERAL_NULL_CONVERSION = YES;
				CLANG_WARN_OBJC_IMPLICIT_RETAIN_SELF = YES;
				CLANG_WARN_OBJC_LITERAL_CONVERSION = YES;
				CLANG_WARN_OBJC_ROOT_CLASS = YES_ERROR;
				CLANG_WARN_QUOTED_INCLUDE_IN_FRAMEWORK_HEADER = YES;
				CLANG_WARN_RANGE_LOOP_ANALYSIS = YES;
				CLANG_WARN_STRICT_PROTOTYPES = YES;
				CLANG_WARN_SUSPICIOUS_MOVE = YES;
				CLANG_WARN_UNGUARDED_AVAILABILITY = YES_AGGRESSIVE;
				CLANG_WARN_UNREACHABLE_CODE = YES;
				CLANG_WARN__DUPLICATE_METHOD_MATCH = YES;
				COPY_PHASE_STRIP = NO;
				DEBUG_INFORMATION_FORMAT = dwarf;
				ENABLE_STRICT_OBJC_MSGSEND = YES;
				ENABLE_TESTABILITY = YES;
				ENABLE_USER_SCRIPT_SANDBOXING = YES;
				GCC_C_LANGUAGE_STANDARD = gnu17;
				GCC_DYNAMIC_NO_PIC = NO;
				GCC_NO_COMMON_BLOCKS = YES;
				GCC_OPTIMIZATION_LEVEL = 0;
				GCC_PREPROCESSOR_DEFINITIONS = (
					"DEBUG=1",
					"$(inherited)",
				);
				GCC_WARN_64_TO_32_BIT_CONVERSION = YES;
				GCC_WARN_ABOUT_RETURN_TYPE = YES_ERROR;
				GCC_WARN_UNDECLARED_SELECTOR = YES;
				GCC_WARN_UNINITIALIZED_AUTOS = YES_AGGRESSIVE;
				GCC_WARN_UNUSED_FUNCTION = YES;
				GCC_WARN_UNUSED_VARIABLE = YES;
				IPHONEOS_DEPLOYMENT_TARGET = 17.5;
				LOCALIZATION_PREFERS_STRING_CATALOGS = YES;
				MTL_ENABLE_DEBUG_INFO = INCLUDE_SOURCE;
				MTL_FAST_MATH = YES;
				ONLY_ACTIVE_ARCH = YES;
				SDKROOT = iphoneos;
				SWIFT_ACTIVE_COMPILATION_CONDITIONS = "DEBUG $(inherited)";
				SWIFT_OPTIMIZATION_LEVEL = "-Onone";
			};
			name = Debug;
		};
		BA5A749A2CC9AF8800797481 /* Release */ = {
			isa = XCBuildConfiguration;
			buildSettings = {
				ALWAYS_SEARCH_USER_PATHS = NO;
				ASSETCATALOG_COMPILER_GENERATE_SWIFT_ASSET_SYMBOL_EXTENSIONS = YES;
				CLANG_ANALYZER_NONNULL = YES;
				CLANG_ANALYZER_NUMBER_OBJECT_CONVERSION = YES_AGGRESSIVE;
				CLANG_CXX_LANGUAGE_STANDARD = "gnu++20";
				CLANG_ENABLE_MODULES = YES;
				CLANG_ENABLE_OBJC_ARC = YES;
				CLANG_ENABLE_OBJC_WEAK = YES;
				CLANG_WARN_BLOCK_CAPTURE_AUTORELEASING = YES;
				CLANG_WARN_BOOL_CONVERSION = YES;
				CLANG_WARN_COMMA = YES;
				CLANG_WARN_CONSTANT_CONVERSION = YES;
				CLANG_WARN_DEPRECATED_OBJC_IMPLEMENTATIONS = YES;
				CLANG_WARN_DIRECT_OBJC_ISA_USAGE = YES_ERROR;
				CLANG_WARN_DOCUMENTATION_COMMENTS = YES;
				CLANG_WARN_EMPTY_BODY = YES;
				CLANG_WARN_ENUM_CONVERSION = YES;
				CLANG_WARN_INFINITE_RECURSION = YES;
				CLANG_WARN_INT_CONVERSION = YES;
				CLANG_WARN_NON_LITERAL_NULL_CONVERSION = YES;
				CLANG_WARN_OBJC_IMPLICIT_RETAIN_SELF = YES;
				CLANG_WARN_OBJC_LITERAL_CONVERSION = YES;
				CLANG_WARN_OBJC_ROOT_CLASS = YES_ERROR;
				CLANG_WARN_QUOTED_INCLUDE_IN_FRAMEWORK_HEADER = YES;
				CLANG_WARN_RANGE_LOOP_ANALYSIS = YES;
				CLANG_WARN_STRICT_PROTOTYPES = YES;
				CLANG_WARN_SUSPICIOUS_MOVE = YES;
				CLANG_WARN_UNGUARDED_AVAILABILITY = YES_AGGRESSIVE;
				CLANG_WARN_UNREACHABLE_CODE = YES;
				CLANG_WARN__DUPLICATE_METHOD_MATCH = YES;
				COPY_PHASE_STRIP = NO;
				DEBUG_INFORMATION_FORMAT = "dwarf-with-dsym";
				ENABLE_NS_ASSERTIONS = NO;
				ENABLE_STRICT_OBJC_MSGSEND = YES;
				ENABLE_USER_SCRIPT_SANDBOXING = YES;
				GCC_C_LANGUAGE_STANDARD = gnu17;
				GCC_NO_COMMON_BLOCKS = YES;
				GCC_WARN_64_TO_32_BIT_CONVERSION = YES;
				GCC_WARN_ABOUT_RETURN_TYPE = YES_ERROR;
				GCC_WARN_UNDECLARED_SELECTOR = YES;
				GCC_WARN_UNINITIALIZED_AUTOS = YES_AGGRESSIVE;
				GCC_WARN_UNUSED_FUNCTION = YES;
				GCC_WARN_UNUSED_VARIABLE = YES;
				IPHONEOS_DEPLOYMENT_TARGET = 17.5;
				LOCALIZATION_PREFERS_STRING_CATALOGS = YES;
				MTL_ENABLE_DEBUG_INFO = NO;
				MTL_FAST_MATH = YES;
				SDKROOT = iphoneos;
				SWIFT_COMPILATION_MODE = wholemodule;
				VALIDATE_PRODUCT = YES;
			};
			name = Release;
		};
		BA5A749C2CC9AF8800797481 /* Debug */ = {
			isa = XCBuildConfiguration;
			buildSettings = {
				ASSETCATALOG_COMPILER_APPICON_NAME = AppIcon;
				ASSETCATALOG_COMPILER_GLOBAL_ACCENT_COLOR_NAME = AccentColor;
				CODE_SIGN_STYLE = Automatic;
				CURRENT_PROJECT_VERSION = 1;
				GENERATE_INFOPLIST_FILE = YES;
				INFOPLIST_FILE = SaveSquadApp/Info.plist;
				INFOPLIST_KEY_UIApplicationSupportsIndirectInputEvents = YES;
				INFOPLIST_KEY_UILaunchStoryboardName = LaunchScreen;
				INFOPLIST_KEY_UIMainStoryboardFile = Main;
				INFOPLIST_KEY_UISupportedInterfaceOrientations_iPad = "UIInterfaceOrientationPortrait UIInterfaceOrientationPortraitUpsideDown UIInterfaceOrientationLandscapeLeft UIInterfaceOrientationLandscapeRight";
				INFOPLIST_KEY_UISupportedInterfaceOrientations_iPhone = "UIInterfaceOrientationPortrait UIInterfaceOrientationLandscapeLeft UIInterfaceOrientationLandscapeRight";
				LD_RUNPATH_SEARCH_PATHS = (
					"$(inherited)",
					"@executable_path/Frameworks",
				);
				MARKETING_VERSION = 1.0;
				PRODUCT_BUNDLE_IDENTIFIER = com.nuios.SaveSquadApp;
				PRODUCT_NAME = "$(TARGET_NAME)";
				SWIFT_EMIT_LOC_STRINGS = YES;
				SWIFT_VERSION = 5.0;
				TARGETED_DEVICE_FAMILY = "1,2";
			};
			name = Debug;
		};
		BA5A749D2CC9AF8800797481 /* Release */ = {
			isa = XCBuildConfiguration;
			buildSettings = {
				ASSETCATALOG_COMPILER_APPICON_NAME = AppIcon;
				ASSETCATALOG_COMPILER_GLOBAL_ACCENT_COLOR_NAME = AccentColor;
				CODE_SIGN_STYLE = Automatic;
				CURRENT_PROJECT_VERSION = 1;
				GENERATE_INFOPLIST_FILE = YES;
				INFOPLIST_FILE = SaveSquadApp/Info.plist;
				INFOPLIST_KEY_UIApplicationSupportsIndirectInputEvents = YES;
				INFOPLIST_KEY_UILaunchStoryboardName = LaunchScreen;
				INFOPLIST_KEY_UIMainStoryboardFile = Main;
				INFOPLIST_KEY_UISupportedInterfaceOrientations_iPad = "UIInterfaceOrientationPortrait UIInterfaceOrientationPortraitUpsideDown UIInterfaceOrientationLandscapeLeft UIInterfaceOrientationLandscapeRight";
				INFOPLIST_KEY_UISupportedInterfaceOrientations_iPhone = "UIInterfaceOrientationPortrait UIInterfaceOrientationLandscapeLeft UIInterfaceOrientationLandscapeRight";
				LD_RUNPATH_SEARCH_PATHS = (
					"$(inherited)",
					"@executable_path/Frameworks",
				);
				MARKETING_VERSION = 1.0;
				PRODUCT_BUNDLE_IDENTIFIER = com.nuios.SaveSquadApp;
				PRODUCT_NAME = "$(TARGET_NAME)";
				SWIFT_EMIT_LOC_STRINGS = YES;
				SWIFT_VERSION = 5.0;
				TARGETED_DEVICE_FAMILY = "1,2";
			};
			name = Release;
		};
		BA5A749F2CC9AF8800797481 /* Debug */ = {
			isa = XCBuildConfiguration;
			buildSettings = {
				ALWAYS_EMBED_SWIFT_STANDARD_LIBRARIES = YES;
				BUNDLE_LOADER = "$(TEST_HOST)";
				CODE_SIGN_STYLE = Automatic;
				CURRENT_PROJECT_VERSION = 1;
				GENERATE_INFOPLIST_FILE = YES;
				IPHONEOS_DEPLOYMENT_TARGET = 17.5;
				MARKETING_VERSION = 1.0;
				PRODUCT_BUNDLE_IDENTIFIER = com.nuios.SaveSquadAppTests;
				PRODUCT_NAME = "$(TARGET_NAME)";
				SWIFT_EMIT_LOC_STRINGS = NO;
				SWIFT_VERSION = 5.0;
				TARGETED_DEVICE_FAMILY = "1,2";
				TEST_HOST = "$(BUILT_PRODUCTS_DIR)/SaveSquadApp.app/$(BUNDLE_EXECUTABLE_FOLDER_PATH)/SaveSquadApp";
			};
			name = Debug;
		};
		BA5A74A02CC9AF8800797481 /* Release */ = {
			isa = XCBuildConfiguration;
			buildSettings = {
				ALWAYS_EMBED_SWIFT_STANDARD_LIBRARIES = YES;
				BUNDLE_LOADER = "$(TEST_HOST)";
				CODE_SIGN_STYLE = Automatic;
				CURRENT_PROJECT_VERSION = 1;
				GENERATE_INFOPLIST_FILE = YES;
				IPHONEOS_DEPLOYMENT_TARGET = 17.5;
				MARKETING_VERSION = 1.0;
				PRODUCT_BUNDLE_IDENTIFIER = com.nuios.SaveSquadAppTests;
				PRODUCT_NAME = "$(TARGET_NAME)";
				SWIFT_EMIT_LOC_STRINGS = NO;
				SWIFT_VERSION = 5.0;
				TARGETED_DEVICE_FAMILY = "1,2";
				TEST_HOST = "$(BUILT_PRODUCTS_DIR)/SaveSquadApp.app/$(BUNDLE_EXECUTABLE_FOLDER_PATH)/SaveSquadApp";
			};
			name = Release;
		};
		BA5A74A22CC9AF8800797481 /* Debug */ = {
			isa = XCBuildConfiguration;
			buildSettings = {
				ALWAYS_EMBED_SWIFT_STANDARD_LIBRARIES = YES;
				CODE_SIGN_STYLE = Automatic;
				CURRENT_PROJECT_VERSION = 1;
				GENERATE_INFOPLIST_FILE = YES;
				MARKETING_VERSION = 1.0;
				PRODUCT_BUNDLE_IDENTIFIER = com.nuios.SaveSquadAppUITests;
				PRODUCT_NAME = "$(TARGET_NAME)";
				SWIFT_EMIT_LOC_STRINGS = NO;
				SWIFT_VERSION = 5.0;
				TARGETED_DEVICE_FAMILY = "1,2";
				TEST_TARGET_NAME = SaveSquadApp;
			};
			name = Debug;
		};
		BA5A74A32CC9AF8800797481 /* Release */ = {
			isa = XCBuildConfiguration;
			buildSettings = {
				ALWAYS_EMBED_SWIFT_STANDARD_LIBRARIES = YES;
				CODE_SIGN_STYLE = Automatic;
				CURRENT_PROJECT_VERSION = 1;
				GENERATE_INFOPLIST_FILE = YES;
				MARKETING_VERSION = 1.0;
				PRODUCT_BUNDLE_IDENTIFIER = com.nuios.SaveSquadAppUITests;
				PRODUCT_NAME = "$(TARGET_NAME)";
				SWIFT_EMIT_LOC_STRINGS = NO;
				SWIFT_VERSION = 5.0;
				TARGETED_DEVICE_FAMILY = "1,2";
				TEST_TARGET_NAME = SaveSquadApp;
			};
			name = Release;
		};
/* End XCBuildConfiguration section */

/* Begin XCConfigurationList section */
		BA5A746C2CC9AF8700797481 /* Build configuration list for PBXProject "SaveSquadApp" */ = {
			isa = XCConfigurationList;
			buildConfigurations = (
				BA5A74992CC9AF8800797481 /* Debug */,
				BA5A749A2CC9AF8800797481 /* Release */,
			);
			defaultConfigurationIsVisible = 0;
			defaultConfigurationName = Release;
		};
		BA5A749B2CC9AF8800797481 /* Build configuration list for PBXNativeTarget "SaveSquadApp" */ = {
			isa = XCConfigurationList;
			buildConfigurations = (
				BA5A749C2CC9AF8800797481 /* Debug */,
				BA5A749D2CC9AF8800797481 /* Release */,
			);
			defaultConfigurationIsVisible = 0;
			defaultConfigurationName = Release;
		};
		BA5A749E2CC9AF8800797481 /* Build configuration list for PBXNativeTarget "SaveSquadAppTests" */ = {
			isa = XCConfigurationList;
			buildConfigurations = (
				BA5A749F2CC9AF8800797481 /* Debug */,
				BA5A74A02CC9AF8800797481 /* Release */,
			);
			defaultConfigurationIsVisible = 0;
			defaultConfigurationName = Release;
		};
		BA5A74A12CC9AF8800797481 /* Build configuration list for PBXNativeTarget "SaveSquadAppUITests" */ = {
			isa = XCConfigurationList;
			buildConfigurations = (
				BA5A74A22CC9AF8800797481 /* Debug */,
				BA5A74A32CC9AF8800797481 /* Release */,
			);
			defaultConfigurationIsVisible = 0;
			defaultConfigurationName = Release;
		};
/* End XCConfigurationList section */

/* Begin XCRemoteSwiftPackageReference section */
		4857D1F52CE95C9D00408DE6 /* XCRemoteSwiftPackageReference "firebase-ios-sdk" */ = {
			isa = XCRemoteSwiftPackageReference;
			repositoryURL = "https://github.com/firebase/firebase-ios-sdk";
			requirement = {
				kind = upToNextMajorVersion;
				minimumVersion = 11.5.0;
			};
		};
/* End XCRemoteSwiftPackageReference section */

/* Begin XCSwiftPackageProductDependency section */
		4857D1F62CE95C9D00408DE6 /* FirebaseAuth */ = {
			isa = XCSwiftPackageProductDependency;
			package = 4857D1F52CE95C9D00408DE6 /* XCRemoteSwiftPackageReference "firebase-ios-sdk" */;
			productName = FirebaseAuth;
		};
		4857D1F82CE95C9D00408DE6 /* FirebaseFirestore */ = {
			isa = XCSwiftPackageProductDependency;
			package = 4857D1F52CE95C9D00408DE6 /* XCRemoteSwiftPackageReference "firebase-ios-sdk" */;
			productName = FirebaseFirestore;
		};
/* End XCSwiftPackageProductDependency section */
	};
	rootObject = BA5A74692CC9AF8700797481 /* Project object */;
}
